
Microsoft Visual Studio Solution File, Format Version 12.00
# Visual Studio Version 17
VisualStudioVersion = 17.0.31903.59
MinimumVisualStudioVersion = 10.0.40219.1
Project("{FAE04EC0-301F-11D3-BF4B-00C04F79EFBC}") = "JsonLogicConsole", "JsonLogicConsole\JsonLogicConsole.csproj", "{42F2A248-3DD2-4D0C-A673-991D38A93633}"
EndProject
Global
	GlobalSection(SolutionConfigurationPlatforms) = preSolution
		Debug|Any CPU = Debug|Any CPU
		Release|Any CPU = Release|Any CPU
	EndGlobalSection
	GlobalSection(ProjectConfigurationPlatforms) = postSolution
		{42F2A248-3DD2-4D0C-A673-991D38A93633}.Debug|Any CPU.ActiveCfg = Debug|Any CPU
		{42F2A248-3DD2-4D0C-A673-991D38A93633}.Debug|Any CPU.Build.0 = Debug|Any CPU
		{42F2A248-3DD2-4D0C-A673-991D38A93633}.Release|Any CPU.ActiveCfg = Release|Any CPU
		{42F2A248-3DD2-4D0C-A673-991D38A93633}.Release|Any CPU.Build.0 = Release|Any CPU
	EndGlobalSection
	GlobalSection(SolutionProperties) = preSolution
		HideSolutionNode = FALSE
	EndGlobalSection
	GlobalSection(ExtensibilityGlobals) = postSolution
		SolutionGuid = {455E0425-7F19-4227-9FF2-C47150753ABA}
	EndGlobalSection
EndGlobal
